
Microsoft Visual Studio Solution File, Format Version 12.00
# Visual Studio Version 17
VisualStudioVersion = 17.0.31903.59
MinimumVisualStudioVersion = 10.0.40219.1
Project("{FAE04EC0-301F-11D3-BF4B-00C04F79EFBC}") = "Discoteque.API", "Discoteque.API\Discoteque.API.csproj", "{50FC15EC-1080-4570-9635-76E717C7061F}"
EndProject
Project("{FAE04EC0-301F-11D3-BF4B-00C04F79EFBC}") = "Discoteque.Business", "Discoteque.Business\Discoteque.Business.csproj", "{9A3F074F-CE3A-4536-804F-8306BC79793C}"
EndProject
Project("{FAE04EC0-301F-11D3-BF4B-00C04F79EFBC}") = "Discoteque.Data", "Discoteque.Data\Discoteque.Data.csproj", "{4F35FB48-FD80-41A7-BC7A-26A6D925F232}"
EndProject
Global
	GlobalSection(SolutionConfigurationPlatforms) = preSolution
		Debug|Any CPU = Debug|Any CPU
		Release|Any CPU = Release|Any CPU
	EndGlobalSection
	GlobalSection(SolutionProperties) = preSolution
		HideSolutionNode = FALSE
	EndGlobalSection
	GlobalSection(ProjectConfigurationPlatforms) = postSolution
		{50FC15EC-1080-4570-9635-76E717C7061F}.Debug|Any CPU.ActiveCfg = Debug|Any CPU
		{50FC15EC-1080-4570-9635-76E717C7061F}.Debug|Any CPU.Build.0 = Debug|Any CPU
		{50FC15EC-1080-4570-9635-76E717C7061F}.Release|Any CPU.ActiveCfg = Release|Any CPU
		{50FC15EC-1080-4570-9635-76E717C7061F}.Release|Any CPU.Build.0 = Release|Any CPU
		{9A3F074F-CE3A-4536-804F-8306BC79793C}.Debug|Any CPU.ActiveCfg = Debug|Any CPU
		{9A3F074F-CE3A-4536-804F-8306BC79793C}.Debug|Any CPU.Build.0 = Debug|Any CPU
		{9A3F074F-CE3A-4536-804F-8306BC79793C}.Release|Any CPU.ActiveCfg = Release|Any CPU
		{9A3F074F-CE3A-4536-804F-8306BC79793C}.Release|Any CPU.Build.0 = Release|Any CPU
		{4F35FB48-FD80-41A7-BC7A-26A6D925F232}.Debug|Any CPU.ActiveCfg = Debug|Any CPU
		{4F35FB48-FD80-41A7-BC7A-26A6D925F232}.Debug|Any CPU.Build.0 = Debug|Any CPU
		{4F35FB48-FD80-41A7-BC7A-26A6D925F232}.Release|Any CPU.ActiveCfg = Release|Any CPU
		{4F35FB48-FD80-41A7-BC7A-26A6D925F232}.Release|Any CPU.Build.0 = Release|Any CPU
	EndGlobalSection
EndGlobal
